{
  "pins" : [
    {
      "identity" : "alamofire",
      "kind" : "remoteSourceControl",
      "location" : "https://github.com/Alamofire/Alamofire.git",
      "state" : {
        "revision" : "78424be314842833c04bc3bef5b72e85fff99204",
        "version" : "5.6.4"
      }
    },
    {
      "identity" : "swiftydropbox",
      "kind" : "remoteSourceControl",
      "location" : "https://github.com/dropbox/SwiftyDropbox.git",
      "state" : {
        "revision" : "ff2da46242267837818b40ea1062a045840bc944",
        "version" : "9.1.0"
      }
    },
    {
      "identity" : "yamlswift",
      "kind" : "remoteSourceControl",
      "location" : "https://github.com/behrang/YamlSwift",
      "state" : {
        "revision" : "287f5cab7da0d92eb947b5fd8151b203ae04a9a3",
        "version" : "3.4.4"
      }
    },
    {
      "identity" : "yams",
      "kind" : "remoteSourceControl",
      "location" : "https://github.com/jpsim/Yams",
      "state" : {
        "revision" : "01835dc202670b5bb90d07f3eae41867e9ed29f6",
        "version" : "5.0.1"
      }
    }
  ],
  "version" : 2
}
