// !$*UTF8*$!
{
	archiveVersion = 1;
	classes = {
	};
	objectVersion = 56;
	objects = {

/* Begin PBXBuildFile section */
		8D0314BD295E871A001BAB52 /* AddSongView.swift in Sources */ = {isa = PBXBuildFile; fileRef = 8D0314BC295E871A001BAB52 /* AddSongView.swift */; };
		8D0314BF295E9382001BAB52 /* SongView.swift in Sources */ = {isa = PBXBuildFile; fileRef = 8D0314BE295E9382001BAB52 /* SongView.swift */; };
		8D31775F2952684800BDD263 /* LyricVaultApp.swift in Sources */ = {isa = PBXBuildFile; fileRef = 8D31775E2952684800BDD263 /* LyricVaultApp.swift */; };
		8D3177612952684800BDD263 /* ExampleContentView.swift in Sources */ = {isa = PBXBuildFile; fileRef = 8D3177602952684800BDD263 /* ExampleContentView.swift */; };
		8D3177632952684B00BDD263 /* Assets.xcassets in Resources */ = {isa = PBXBuildFile; fileRef = 8D3177622952684B00BDD263 /* Assets.xcassets */; };
		8D3177662952684B00BDD263 /* Preview Assets.xcassets in Resources */ = {isa = PBXBuildFile; fileRef = 8D3177652952684B00BDD263 /* Preview Assets.xcassets */; };
		8D31776D29526EC100BDD263 /* ScreenOne.swift in Sources */ = {isa = PBXBuildFile; fileRef = 8D31776C29526EC100BDD263 /* ScreenOne.swift */; };
		8D31776F29526ECB00BDD263 /* ScreenTwo.swift in Sources */ = {isa = PBXBuildFile; fileRef = 8D31776E29526ECB00BDD263 /* ScreenTwo.swift */; };
		8D3177712952A70F00BDD263 /* LibraryView.swift in Sources */ = {isa = PBXBuildFile; fileRef = 8D3177702952A70F00BDD263 /* LibraryView.swift */; };
		8D31777329534F7100BDD263 /* _example_Contacts.swift in Sources */ = {isa = PBXBuildFile; fileRef = 8D31777229534F7100BDD263 /* _example_Contacts.swift */; };
		8D3177752953526C00BDD263 /* _examples_Constants.swift in Sources */ = {isa = PBXBuildFile; fileRef = 8D3177742953526C00BDD263 /* _examples_Constants.swift */; };
		8D31777B29535E4900BDD263 /* SwiftyDropbox in Frameworks */ = {isa = PBXBuildFile; productRef = 8D31777A29535E4900BDD263 /* SwiftyDropbox */; };
		8D317780295398D800BDD263 /* DBoxApp.swift in Sources */ = {isa = PBXBuildFile; fileRef = 8D31777F295398D800BDD263 /* DBoxApp.swift */; };
		8D3177822953AB7700BDD263 /* DBView.swift in Sources */ = {isa = PBXBuildFile; fileRef = 8D3177812953AB7700BDD263 /* DBView.swift */; };
		8D3177852953E71100BDD263 /* ScreenSwitcherApp.swift in Sources */ = {isa = PBXBuildFile; fileRef = 8D3177842953E71100BDD263 /* ScreenSwitcherApp.swift */; };
		8D3FAA50295D4485000F4ADE /* SetlistView.swift in Sources */ = {isa = PBXBuildFile; fileRef = 8D3FAA4F295D4485000F4ADE /* SetlistView.swift */; };
		8D3FAA53295DFFD2000F4ADE /* CodeWithChrisExamples.swift in Sources */ = {isa = PBXBuildFile; fileRef = 8D3FAA52295DFFD2000F4ADE /* CodeWithChrisExamples.swift */; };
		8D428F592954B8C000C03D9F /* _example_lyrics.swift in Sources */ = {isa = PBXBuildFile; fileRef = 8D428F582954B8C000C03D9F /* _example_lyrics.swift */; };
		8D428F5C2954DE5F00C03D9F /* SongModel.xcdatamodeld in Sources */ = {isa = PBXBuildFile; fileRef = 8D428F5A2954DE5F00C03D9F /* SongModel.xcdatamodeld */; };
		8D428F5E2954E40E00C03D9F /* PersistenceController.swift in Sources */ = {isa = PBXBuildFile; fileRef = 8D428F5D2954E40E00C03D9F /* PersistenceController.swift */; };
		8D428F622955489A00C03D9F /* DBDirListApp.swift in Sources */ = {isa = PBXBuildFile; fileRef = 8D428F612955489A00C03D9F /* DBDirListApp.swift */; };
		8D428F642955490400C03D9F /* DBDirView.swift in Sources */ = {isa = PBXBuildFile; fileRef = 8D428F632955490400C03D9F /* DBDirView.swift */; };
		8D428F67295665E900C03D9F /* SelectableList.swift in Sources */ = {isa = PBXBuildFile; fileRef = 8D428F66295665E900C03D9F /* SelectableList.swift */; };
		8D428F69295668F800C03D9F /* ExampleApp.swift in Sources */ = {isa = PBXBuildFile; fileRef = 8D428F68295668F800C03D9F /* ExampleApp.swift */; };
		8D428F6B2957E4EC00C03D9F /* SongDeserializer.swift in Sources */ = {isa = PBXBuildFile; fileRef = 8D428F6A2957E4EC00C03D9F /* SongDeserializer.swift */; };
		8D428F6D2957E5BB00C03D9F /* SongData.swift in Sources */ = {isa = PBXBuildFile; fileRef = 8D428F6C2957E5BB00C03D9F /* SongData.swift */; };
		8D428F6F2958F36900C03D9F /* LyricVaultView.swift in Sources */ = {isa = PBXBuildFile; fileRef = 8D428F6E2958F36900C03D9F /* LyricVaultView.swift */; };
		8D428F72295A727700C03D9F /* SongListView.swift in Sources */ = {isa = PBXBuildFile; fileRef = 8D428F71295A727700C03D9F /* SongListView.swift */; };
		8D428F74295A9A5F00C03D9F /* ImportSongsView.swift in Sources */ = {isa = PBXBuildFile; fileRef = 8D428F73295A9A5F00C03D9F /* ImportSongsView.swift */; };
		8D428F76295A9C1100C03D9F /* DownloaderApp.swift in Sources */ = {isa = PBXBuildFile; fileRef = 8D428F75295A9C1100C03D9F /* DownloaderApp.swift */; };
/* End PBXBuildFile section */

/* Begin PBXFileReference section */
		8D0314BC295E871A001BAB52 /* AddSongView.swift */ = {isa = PBXFileReference; lastKnownFileType = sourcecode.swift; path = AddSongView.swift; sourceTree = "<group>"; };
		8D0314BE295E9382001BAB52 /* SongView.swift */ = {isa = PBXFileReference; lastKnownFileType = sourcecode.swift; path = SongView.swift; sourceTree = "<group>"; };
		8D31775B2952684800BDD263 /* LyricVault.app */ = {isa = PBXFileReference; explicitFileType = wrapper.application; includeInIndex = 0; path = LyricVault.app; sourceTree = BUILT_PRODUCTS_DIR; };
		8D31775E2952684800BDD263 /* LyricVaultApp.swift */ = {isa = PBXFileReference; lastKnownFileType = sourcecode.swift; path = LyricVaultApp.swift; sourceTree = "<group>"; };
		8D3177602952684800BDD263 /* ExampleContentView.swift */ = {isa = PBXFileReference; lastKnownFileType = sourcecode.swift; path = ExampleContentView.swift; sourceTree = "<group>"; };
		8D3177622952684B00BDD263 /* Assets.xcassets */ = {isa = PBXFileReference; lastKnownFileType = folder.assetcatalog; path = Assets.xcassets; sourceTree = "<group>"; };
		8D3177652952684B00BDD263 /* Preview Assets.xcassets */ = {isa = PBXFileReference; lastKnownFileType = folder.assetcatalog; path = "Preview Assets.xcassets"; sourceTree = "<group>"; };
		8D31776C29526EC100BDD263 /* ScreenOne.swift */ = {isa = PBXFileReference; lastKnownFileType = sourcecode.swift; path = ScreenOne.swift; sourceTree = "<group>"; };
		8D31776E29526ECB00BDD263 /* ScreenTwo.swift */ = {isa = PBXFileReference; lastKnownFileType = sourcecode.swift; path = ScreenTwo.swift; sourceTree = "<group>"; };
		8D3177702952A70F00BDD263 /* LibraryView.swift */ = {isa = PBXFileReference; lastKnownFileType = sourcecode.swift; path = LibraryView.swift; sourceTree = "<group>"; };
		8D31777229534F7100BDD263 /* _example_Contacts.swift */ = {isa = PBXFileReference; lastKnownFileType = sourcecode.swift; path = _example_Contacts.swift; sourceTree = "<group>"; };
		8D3177742953526C00BDD263 /* _examples_Constants.swift */ = {isa = PBXFileReference; lastKnownFileType = sourcecode.swift; path = _examples_Constants.swift; sourceTree = "<group>"; };
		8D31777829535B5900BDD263 /* UsefulLinks.md */ = {isa = PBXFileReference; lastKnownFileType = net.daringfireball.markdown; path = UsefulLinks.md; sourceTree = "<group>"; };
		8D31777F295398D800BDD263 /* DBoxApp.swift */ = {isa = PBXFileReference; lastKnownFileType = sourcecode.swift; path = DBoxApp.swift; sourceTree = "<group>"; };
		8D3177812953AB7700BDD263 /* DBView.swift */ = {isa = PBXFileReference; lastKnownFileType = sourcecode.swift; path = DBView.swift; sourceTree = "<group>"; };
		8D3177842953E71100BDD263 /* ScreenSwitcherApp.swift */ = {isa = PBXFileReference; lastKnownFileType = sourcecode.swift; path = ScreenSwitcherApp.swift; sourceTree = "<group>"; };
		8D3FAA4D295CB6FE000F4ADE /* Info.plist */ = {isa = PBXFileReference; fileEncoding = 4; lastKnownFileType = text.plist.xml; path = Info.plist; sourceTree = "<group>"; };
		8D3FAA4F295D4485000F4ADE /* SetlistView.swift */ = {isa = PBXFileReference; lastKnownFileType = sourcecode.swift; path = SetlistView.swift; sourceTree = "<group>"; };
		8D3FAA52295DFFD2000F4ADE /* CodeWithChrisExamples.swift */ = {isa = PBXFileReference; lastKnownFileType = sourcecode.swift; path = CodeWithChrisExamples.swift; sourceTree = "<group>"; };
		8D428F582954B8C000C03D9F /* _example_lyrics.swift */ = {isa = PBXFileReference; fileEncoding = 4; lastKnownFileType = sourcecode.swift; name = _example_lyrics.swift; path = ../../../../Desktop/_example_lyrics.swift; sourceTree = "<group>"; };
		8D428F5B2954DE5F00C03D9F /* SongModel.xcdatamodel */ = {isa = PBXFileReference; lastKnownFileType = wrapper.xcdatamodel; path = SongModel.xcdatamodel; sourceTree = "<group>"; };
		8D428F5D2954E40E00C03D9F /* PersistenceController.swift */ = {isa = PBXFileReference; lastKnownFileType = sourcecode.swift; path = PersistenceController.swift; sourceTree = "<group>"; };
		8D428F5F2955427A00C03D9F /* Vision.md */ = {isa = PBXFileReference; lastKnownFileType = net.daringfireball.markdown; path = Vision.md; sourceTree = "<group>"; };
		8D428F612955489A00C03D9F /* DBDirListApp.swift */ = {isa = PBXFileReference; lastKnownFileType = sourcecode.swift; path = DBDirListApp.swift; sourceTree = "<group>"; };
		8D428F632955490400C03D9F /* DBDirView.swift */ = {isa = PBXFileReference; lastKnownFileType = sourcecode.swift; path = DBDirView.swift; sourceTree = "<group>"; };
		8D428F66295665E900C03D9F /* SelectableList.swift */ = {isa = PBXFileReference; lastKnownFileType = sourcecode.swift; path = SelectableList.swift; sourceTree = "<group>"; };
		8D428F68295668F800C03D9F /* ExampleApp.swift */ = {isa = PBXFileReference; lastKnownFileType = sourcecode.swift; path = ExampleApp.swift; sourceTree = "<group>"; };
		8D428F6A2957E4EC00C03D9F /* SongDeserializer.swift */ = {isa = PBXFileReference; lastKnownFileType = sourcecode.swift; path = SongDeserializer.swift; sourceTree = "<group>"; };
		8D428F6C2957E5BB00C03D9F /* SongData.swift */ = {isa = PBXFileReference; lastKnownFileType = sourcecode.swift; path = SongData.swift; sourceTree = "<group>"; };
		8D428F6E2958F36900C03D9F /* LyricVaultView.swift */ = {isa = PBXFileReference; lastKnownFileType = sourcecode.swift; path = LyricVaultView.swift; sourceTree = "<group>"; };
		8D428F71295A727700C03D9F /* SongListView.swift */ = {isa = PBXFileReference; lastKnownFileType = sourcecode.swift; path = SongListView.swift; sourceTree = "<group>"; };
		8D428F73295A9A5F00C03D9F /* ImportSongsView.swift */ = {isa = PBXFileReference; lastKnownFileType = sourcecode.swift; path = ImportSongsView.swift; sourceTree = "<group>"; };
		8D428F75295A9C1100C03D9F /* DownloaderApp.swift */ = {isa = PBXFileReference; lastKnownFileType = sourcecode.swift; path = DownloaderApp.swift; sourceTree = "<group>"; };
/* End PBXFileReference section */

/* Begin PBXFrameworksBuildPhase section */
		8D3177582952684800BDD263 /* Frameworks */ = {
			isa = PBXFrameworksBuildPhase;
			buildActionMask = 2147483647;
			files = (
				8D31777B29535E4900BDD263 /* SwiftyDropbox in Frameworks */,
			);
			runOnlyForDeploymentPostprocessing = 0;
		};
/* End PBXFrameworksBuildPhase section */

/* Begin PBXGroup section */
		8D0314C4295F7A06001BAB52 /* Model */ = {
			isa = PBXGroup;
			children = (
			);
			path = Model;
			sourceTree = "<group>";
		};
		8D3177522952684800BDD263 = {
			isa = PBXGroup;
			children = (
				8D31777829535B5900BDD263 /* UsefulLinks.md */,
				8D428F5F2955427A00C03D9F /* Vision.md */,
				8D31775D2952684800BDD263 /* LyricVault */,
				8D31775C2952684800BDD263 /* Products */,
				8D317777295353D000BDD263 /* Frameworks */,
			);
			sourceTree = "<group>";
		};
		8D31775C2952684800BDD263 /* Products */ = {
			isa = PBXGroup;
			children = (
				8D31775B2952684800BDD263 /* LyricVault.app */,
			);
			name = Products;
			sourceTree = "<group>";
		};
		8D31775D2952684800BDD263 /* LyricVault */ = {
			isa = PBXGroup;
			children = (
				8D0314C4295F7A06001BAB52 /* Model */,
				8D3FAA4D295CB6FE000F4ADE /* Info.plist */,
				8D31777229534F7100BDD263 /* _example_Contacts.swift */,
				8D428F582954B8C000C03D9F /* _example_lyrics.swift */,
				8D3177742953526C00BDD263 /* _examples_Constants.swift */,
				8D31775E2952684800BDD263 /* LyricVaultApp.swift */,
				8D428F5D2954E40E00C03D9F /* PersistenceController.swift */,
				8D428F6C2957E5BB00C03D9F /* SongData.swift */,
				8D428F6A2957E4EC00C03D9F /* SongDeserializer.swift */,
				8D3177622952684B00BDD263 /* Assets.xcassets */,
				8D3FAA51295DFFB0000F4ADE /* DataClass */,
				8D428F602955481500C03D9F /* DropboxDownloader */,
				8D31777E295398C000BDD263 /* DropboxTest */,
				8D428F652956656800C03D9F /* Examples */,
				8D3177642952684B00BDD263 /* Preview Content */,
				8D428F5A2954DE5F00C03D9F /* SongModel.xcdatamodeld */,
				8D428F70295A265300C03D9F /* Views */,
			);
			path = LyricVault;
			sourceTree = "<group>";
		};
		8D3177642952684B00BDD263 /* Preview Content */ = {
			isa = PBXGroup;
			children = (
				8D3177652952684B00BDD263 /* Preview Assets.xcassets */,
			);
			path = "Preview Content";
			sourceTree = "<group>";
		};
		8D317777295353D000BDD263 /* Frameworks */ = {
			isa = PBXGroup;
			children = (
			);
			name = Frameworks;
			sourceTree = "<group>";
		};
		8D31777E295398C000BDD263 /* DropboxTest */ = {
			isa = PBXGroup;
			children = (
				8D3177812953AB7700BDD263 /* DBView.swift */,
				8D31777F295398D800BDD263 /* DBoxApp.swift */,
				8D428F71295A727700C03D9F /* SongListView.swift */,
			);
			path = DropboxTest;
			sourceTree = "<group>";
		};
		8D3177832953E6CA00BDD263 /* ScreenSwitcher */ = {
			isa = PBXGroup;
			children = (
				8D31776E29526ECB00BDD263 /* ScreenTwo.swift */,
				8D31776C29526EC100BDD263 /* ScreenOne.swift */,
				8D3177842953E71100BDD263 /* ScreenSwitcherApp.swift */,
			);
			path = ScreenSwitcher;
			sourceTree = "<group>";
		};
		8D3FAA51295DFFB0000F4ADE /* DataClass */ = {
			isa = PBXGroup;
			children = (
				8D3FAA52295DFFD2000F4ADE /* CodeWithChrisExamples.swift */,
			);
			path = DataClass;
			sourceTree = "<group>";
		};
		8D428F602955481500C03D9F /* DropboxDownloader */ = {
			isa = PBXGroup;
			children = (
				8D428F612955489A00C03D9F /* DBDirListApp.swift */,
				8D428F632955490400C03D9F /* DBDirView.swift */,
				8D428F75295A9C1100C03D9F /* DownloaderApp.swift */,
			);
			path = DropboxDownloader;
			sourceTree = "<group>";
		};
		8D428F652956656800C03D9F /* Examples */ = {
			isa = PBXGroup;
			children = (
				8D3177832953E6CA00BDD263 /* ScreenSwitcher */,
				8D3177602952684800BDD263 /* ExampleContentView.swift */,
				8D428F66295665E900C03D9F /* SelectableList.swift */,
				8D428F68295668F800C03D9F /* ExampleApp.swift */,
			);
			path = Examples;
			sourceTree = "<group>";
		};
		8D428F70295A265300C03D9F /* Views */ = {
			isa = PBXGroup;
			children = (
				8D3177702952A70F00BDD263 /* LibraryView.swift */,
				8D428F6E2958F36900C03D9F /* LyricVaultView.swift */,
				8D428F73295A9A5F00C03D9F /* ImportSongsView.swift */,
				8D3FAA4F295D4485000F4ADE /* SetlistView.swift */,
				8D0314BC295E871A001BAB52 /* AddSongView.swift */,
				8D0314BE295E9382001BAB52 /* SongView.swift */,
			);
			path = Views;
			sourceTree = "<group>";
		};
/* End PBXGroup section */

/* Begin PBXNativeTarget section */
		8D31775A2952684800BDD263 /* LyricVault */ = {
			isa = PBXNativeTarget;
			buildConfigurationList = 8D3177692952684B00BDD263 /* Build configuration list for PBXNativeTarget "LyricVault" */;
			buildPhases = (
				8D3177572952684800BDD263 /* Sources */,
				8D3177582952684800BDD263 /* Frameworks */,
				8D3177592952684800BDD263 /* Resources */,
			);
			buildRules = (
			);
			dependencies = (
			);
			name = LyricVault;
			packageProductDependencies = (
				8D31777A29535E4900BDD263 /* SwiftyDropbox */,
			);
			productName = LyricVault;
			productReference = 8D31775B2952684800BDD263 /* LyricVault.app */;
			productType = "com.apple.product-type.application";
		};
/* End PBXNativeTarget section */

/* Begin PBXProject section */
		8D3177532952684800BDD263 /* Project object */ = {
			isa = PBXProject;
			attributes = {
				BuildIndependentTargetsInParallel = 1;
				LastSwiftUpdateCheck = 1420;
				LastUpgradeCheck = 1420;
				TargetAttributes = {
					8D31775A2952684800BDD263 = {
						CreatedOnToolsVersion = 14.2;
					};
				};
			};
			buildConfigurationList = 8D3177562952684800BDD263 /* Build configuration list for PBXProject "LyricVault" */;
			compatibilityVersion = "Xcode 14.0";
			developmentRegion = en;
			hasScannedForEncodings = 0;
			knownRegions = (
				en,
				Base,
			);
			mainGroup = 8D3177522952684800BDD263;
			packageReferences = (
				8D31777929535E4900BDD263 /* XCRemoteSwiftPackageReference "SwiftyDropbox" */,
			);
			productRefGroup = 8D31775C2952684800BDD263 /* Products */;
			projectDirPath = "";
			projectRoot = "";
			targets = (
				8D31775A2952684800BDD263 /* LyricVault */,
			);
		};
/* End PBXProject section */

/* Begin PBXResourcesBuildPhase section */
		8D3177592952684800BDD263 /* Resources */ = {
			isa = PBXResourcesBuildPhase;
			buildActionMask = 2147483647;
			files = (
				8D3177662952684B00BDD263 /* Preview Assets.xcassets in Resources */,
				8D3177632952684B00BDD263 /* Assets.xcassets in Resources */,
			);
			runOnlyForDeploymentPostprocessing = 0;
		};
/* End PBXResourcesBuildPhase section */

/* Begin PBXSourcesBuildPhase section */
		8D3177572952684800BDD263 /* Sources */ = {
			isa = PBXSourcesBuildPhase;
			buildActionMask = 2147483647;
			files = (
				8D428F74295A9A5F00C03D9F /* ImportSongsView.swift in Sources */,
				8D428F592954B8C000C03D9F /* _example_lyrics.swift in Sources */,
				8D428F5E2954E40E00C03D9F /* PersistenceController.swift in Sources */,
				8D317780295398D800BDD263 /* DBoxApp.swift in Sources */,
				8D428F642955490400C03D9F /* DBDirView.swift in Sources */,
				8D31776D29526EC100BDD263 /* ScreenOne.swift in Sources */,
				8D428F6F2958F36900C03D9F /* LyricVaultView.swift in Sources */,
				8D3FAA53295DFFD2000F4ADE /* CodeWithChrisExamples.swift in Sources */,
				8D3177612952684800BDD263 /* ExampleContentView.swift in Sources */,
				8D31777329534F7100BDD263 /* _example_Contacts.swift in Sources */,
				8D428F69295668F800C03D9F /* ExampleApp.swift in Sources */,
				8D3177822953AB7700BDD263 /* DBView.swift in Sources */,
				8D428F76295A9C1100C03D9F /* DownloaderApp.swift in Sources */,
				8D428F622955489A00C03D9F /* DBDirListApp.swift in Sources */,
				8D428F6D2957E5BB00C03D9F /* SongData.swift in Sources */,
				8D3177712952A70F00BDD263 /* LibraryView.swift in Sources */,
				8D428F6B2957E4EC00C03D9F /* SongDeserializer.swift in Sources */,
				8D428F5C2954DE5F00C03D9F /* SongModel.xcdatamodeld in Sources */,
				8D0314BF295E9382001BAB52 /* SongView.swift in Sources */,
				8D3177752953526C00BDD263 /* _examples_Constants.swift in Sources */,
				8D0314BD295E871A001BAB52 /* AddSongView.swift in Sources */,
				8D31776F29526ECB00BDD263 /* ScreenTwo.swift in Sources */,
				8D31775F2952684800BDD263 /* LyricVaultApp.swift in Sources */,
				8D3177852953E71100BDD263 /* ScreenSwitcherApp.swift in Sources */,
				8D428F72295A727700C03D9F /* SongListView.swift in Sources */,
				8D428F67295665E900C03D9F /* SelectableList.swift in Sources */,
				8D3FAA50295D4485000F4ADE /* SetlistView.swift in Sources */,
			);
			runOnlyForDeploymentPostprocessing = 0;
		};
/* End PBXSourcesBuildPhase section */

/* Begin XCBuildConfiguration section */
		8D3177672952684B00BDD263 /* Debug */ = {
			isa = XCBuildConfiguration;
			buildSettings = {
				ALWAYS_SEARCH_USER_PATHS = NO;
				CLANG_ANALYZER_NONNULL = YES;
				CLANG_ANALYZER_NUMBER_OBJECT_CONVERSION = YES_AGGRESSIVE;
				CLANG_CXX_LANGUAGE_STANDARD = "gnu++20";
				CLANG_ENABLE_MODULES = YES;
				CLANG_ENABLE_OBJC_ARC = YES;
				CLANG_ENABLE_OBJC_WEAK = YES;
				CLANG_WARN_BLOCK_CAPTURE_AUTORELEASING = YES;
				CLANG_WARN_BOOL_CONVERSION = YES;
				CLANG_WARN_COMMA = YES;
				CLANG_WARN_CONSTANT_CONVERSION = YES;
				CLANG_WARN_DEPRECATED_OBJC_IMPLEMENTATIONS = YES;
				CLANG_WARN_DIRECT_OBJC_ISA_USAGE = YES_ERROR;
				CLANG_WARN_DOCUMENTATION_COMMENTS = YES;
				CLANG_WARN_EMPTY_BODY = YES;
				CLANG_WARN_ENUM_CONVERSION = YES;
				CLANG_WARN_INFINITE_RECURSION = YES;
				CLANG_WARN_INT_CONVERSION = YES;
				CLANG_WARN_NON_LITERAL_NULL_CONVERSION = YES;
				CLANG_WARN_OBJC_IMPLICIT_RETAIN_SELF = YES;
				CLANG_WARN_OBJC_LITERAL_CONVERSION = YES;
				CLANG_WARN_OBJC_ROOT_CLASS = YES_ERROR;
				CLANG_WARN_QUOTED_INCLUDE_IN_FRAMEWORK_HEADER = YES;
				CLANG_WARN_RANGE_LOOP_ANALYSIS = YES;
				CLANG_WARN_STRICT_PROTOTYPES = YES;
				CLANG_WARN_SUSPICIOUS_MOVE = YES;
				CLANG_WARN_UNGUARDED_AVAILABILITY = YES_AGGRESSIVE;
				CLANG_WARN_UNREACHABLE_CODE = YES;
				CLANG_WARN__DUPLICATE_METHOD_MATCH = YES;
				COPY_PHASE_STRIP = NO;
				DEBUG_INFORMATION_FORMAT = dwarf;
				ENABLE_STRICT_OBJC_MSGSEND = YES;
				ENABLE_TESTABILITY = YES;
				GCC_C_LANGUAGE_STANDARD = gnu11;
				GCC_DYNAMIC_NO_PIC = NO;
				GCC_NO_COMMON_BLOCKS = YES;
				GCC_OPTIMIZATION_LEVEL = 0;
				GCC_PREPROCESSOR_DEFINITIONS = (
					"DEBUG=1",
					"$(inherited)",
				);
				GCC_WARN_64_TO_32_BIT_CONVERSION = YES;
				GCC_WARN_ABOUT_RETURN_TYPE = YES_ERROR;
				GCC_WARN_UNDECLARED_SELECTOR = YES;
				GCC_WARN_UNINITIALIZED_AUTOS = YES_AGGRESSIVE;
				GCC_WARN_UNUSED_FUNCTION = YES;
				GCC_WARN_UNUSED_VARIABLE = YES;
				IPHONEOS_DEPLOYMENT_TARGET = 16.2;
				MTL_ENABLE_DEBUG_INFO = INCLUDE_SOURCE;
				MTL_FAST_MATH = YES;
				ONLY_ACTIVE_ARCH = YES;
				SDKROOT = iphoneos;
				SWIFT_ACTIVE_COMPILATION_CONDITIONS = DEBUG;
				SWIFT_OPTIMIZATION_LEVEL = "-Onone";
			};
			name = Debug;
		};
		8D3177682952684B00BDD263 /* Release */ = {
			isa = XCBuildConfiguration;
			buildSettings = {
				ALWAYS_SEARCH_USER_PATHS = NO;
				CLANG_ANALYZER_NONNULL = YES;
				CLANG_ANALYZER_NUMBER_OBJECT_CONVERSION = YES_AGGRESSIVE;
				CLANG_CXX_LANGUAGE_STANDARD = "gnu++20";
				CLANG_ENABLE_MODULES = YES;
				CLANG_ENABLE_OBJC_ARC = YES;
				CLANG_ENABLE_OBJC_WEAK = YES;
				CLANG_WARN_BLOCK_CAPTURE_AUTORELEASING = YES;
				CLANG_WARN_BOOL_CONVERSION = YES;
				CLANG_WARN_COMMA = YES;
				CLANG_WARN_CONSTANT_CONVERSION = YES;
				CLANG_WARN_DEPRECATED_OBJC_IMPLEMENTATIONS = YES;
				CLANG_WARN_DIRECT_OBJC_ISA_USAGE = YES_ERROR;
				CLANG_WARN_DOCUMENTATION_COMMENTS = YES;
				CLANG_WARN_EMPTY_BODY = YES;
				CLANG_WARN_ENUM_CONVERSION = YES;
				CLANG_WARN_INFINITE_RECURSION = YES;
				CLANG_WARN_INT_CONVERSION = YES;
				CLANG_WARN_NON_LITERAL_NULL_CONVERSION = YES;
				CLANG_WARN_OBJC_IMPLICIT_RETAIN_SELF = YES;
				CLANG_WARN_OBJC_LITERAL_CONVERSION = YES;
				CLANG_WARN_OBJC_ROOT_CLASS = YES_ERROR;
				CLANG_WARN_QUOTED_INCLUDE_IN_FRAMEWORK_HEADER = YES;
				CLANG_WARN_RANGE_LOOP_ANALYSIS = YES;
				CLANG_WARN_STRICT_PROTOTYPES = YES;
				CLANG_WARN_SUSPICIOUS_MOVE = YES;
				CLANG_WARN_UNGUARDED_AVAILABILITY = YES_AGGRESSIVE;
				CLANG_WARN_UNREACHABLE_CODE = YES;
				CLANG_WARN__DUPLICATE_METHOD_MATCH = YES;
				COPY_PHASE_STRIP = NO;
				DEBUG_INFORMATION_FORMAT = "dwarf-with-dsym";
				ENABLE_NS_ASSERTIONS = NO;
				ENABLE_STRICT_OBJC_MSGSEND = YES;
				GCC_C_LANGUAGE_STANDARD = gnu11;
				GCC_NO_COMMON_BLOCKS = YES;
				GCC_WARN_64_TO_32_BIT_CONVERSION = YES;
				GCC_WARN_ABOUT_RETURN_TYPE = YES_ERROR;
				GCC_WARN_UNDECLARED_SELECTOR = YES;
				GCC_WARN_UNINITIALIZED_AUTOS = YES_AGGRESSIVE;
				GCC_WARN_UNUSED_FUNCTION = YES;
				GCC_WARN_UNUSED_VARIABLE = YES;
				IPHONEOS_DEPLOYMENT_TARGET = 16.2;
				MTL_ENABLE_DEBUG_INFO = NO;
				MTL_FAST_MATH = YES;
				SDKROOT = iphoneos;
				SWIFT_COMPILATION_MODE = wholemodule;
				SWIFT_OPTIMIZATION_LEVEL = "-O";
				VALIDATE_PRODUCT = YES;
			};
			name = Release;
		};
		8D31776A2952684B00BDD263 /* Debug */ = {
			isa = XCBuildConfiguration;
			buildSettings = {
				ASSETCATALOG_COMPILER_APPICON_NAME = AppIcon;
				ASSETCATALOG_COMPILER_GLOBAL_ACCENT_COLOR_NAME = AccentColor;
				CODE_SIGN_STYLE = Automatic;
				CURRENT_PROJECT_VERSION = 1;
				DEVELOPMENT_ASSET_PATHS = "\"LyricVault/Preview Content\"";
				ENABLE_PREVIEWS = YES;
				GENERATE_INFOPLIST_FILE = YES;
				INFOPLIST_FILE = LyricVault/Info.plist;
				INFOPLIST_KEY_UIApplicationSceneManifest_Generation = YES;
				INFOPLIST_KEY_UIApplicationSupportsIndirectInputEvents = YES;
				INFOPLIST_KEY_UILaunchScreen_Generation = YES;
				INFOPLIST_KEY_UISupportedInterfaceOrientations_iPad = "UIInterfaceOrientationPortrait UIInterfaceOrientationPortraitUpsideDown UIInterfaceOrientationLandscapeLeft UIInterfaceOrientationLandscapeRight";
				INFOPLIST_KEY_UISupportedInterfaceOrientations_iPhone = "UIInterfaceOrientationPortrait UIInterfaceOrientationLandscapeLeft UIInterfaceOrientationLandscapeRight";
				LD_RUNPATH_SEARCH_PATHS = (
					"$(inherited)",
					"@executable_path/Frameworks",
				);
				MARKETING_VERSION = 1.0;
				PRODUCT_BUNDLE_IDENTIFIER = ca.hagerman.LyricVault;
				PRODUCT_NAME = "$(TARGET_NAME)";
				SWIFT_EMIT_LOC_STRINGS = YES;
				SWIFT_VERSION = 5.0;
				TARGETED_DEVICE_FAMILY = "1,2";
			};
			name = Debug;
		};
		8D31776B2952684B00BDD263 /* Release */ = {
			isa = XCBuildConfiguration;
			buildSettings = {
				ASSETCATALOG_COMPILER_APPICON_NAME = AppIcon;
				ASSETCATALOG_COMPILER_GLOBAL_ACCENT_COLOR_NAME = AccentColor;
				CODE_SIGN_STYLE = Automatic;
				CURRENT_PROJECT_VERSION = 1;
				DEVELOPMENT_ASSET_PATHS = "\"LyricVault/Preview Content\"";
				ENABLE_PREVIEWS = YES;
				GENERATE_INFOPLIST_FILE = YES;
				INFOPLIST_FILE = LyricVault/Info.plist;
				INFOPLIST_KEY_UIApplicationSceneManifest_Generation = YES;
				INFOPLIST_KEY_UIApplicationSupportsIndirectInputEvents = YES;
				INFOPLIST_KEY_UILaunchScreen_Generation = YES;
				INFOPLIST_KEY_UISupportedInterfaceOrientations_iPad = "UIInterfaceOrientationPortrait UIInterfaceOrientationPortraitUpsideDown UIInterfaceOrientationLandscapeLeft UIInterfaceOrientationLandscapeRight";
				INFOPLIST_KEY_UISupportedInterfaceOrientations_iPhone = "UIInterfaceOrientationPortrait UIInterfaceOrientationLandscapeLeft UIInterfaceOrientationLandscapeRight";
				LD_RUNPATH_SEARCH_PATHS = (
					"$(inherited)",
					"@executable_path/Frameworks",
				);
				MARKETING_VERSION = 1.0;
				PRODUCT_BUNDLE_IDENTIFIER = ca.hagerman.LyricVault;
				PRODUCT_NAME = "$(TARGET_NAME)";
				SWIFT_EMIT_LOC_STRINGS = YES;
				SWIFT_VERSION = 5.0;
				TARGETED_DEVICE_FAMILY = "1,2";
			};
			name = Release;
		};
/* End XCBuildConfiguration section */

/* Begin XCConfigurationList section */
		8D3177562952684800BDD263 /* Build configuration list for PBXProject "LyricVault" */ = {
			isa = XCConfigurationList;
			buildConfigurations = (
				8D3177672952684B00BDD263 /* Debug */,
				8D3177682952684B00BDD263 /* Release */,
			);
			defaultConfigurationIsVisible = 0;
			defaultConfigurationName = Release;
		};
		8D3177692952684B00BDD263 /* Build configuration list for PBXNativeTarget "LyricVault" */ = {
			isa = XCConfigurationList;
			buildConfigurations = (
				8D31776A2952684B00BDD263 /* Debug */,
				8D31776B2952684B00BDD263 /* Release */,
			);
			defaultConfigurationIsVisible = 0;
			defaultConfigurationName = Release;
		};
/* End XCConfigurationList section */

/* Begin XCRemoteSwiftPackageReference section */
		8D31777929535E4900BDD263 /* XCRemoteSwiftPackageReference "SwiftyDropbox" */ = {
			isa = XCRemoteSwiftPackageReference;
			repositoryURL = "https://github.com/dropbox/SwiftyDropbox.git";
			requirement = {
				kind = upToNextMajorVersion;
				minimumVersion = 9.0.0;
			};
		};
/* End XCRemoteSwiftPackageReference section */

/* Begin XCSwiftPackageProductDependency section */
		8D31777A29535E4900BDD263 /* SwiftyDropbox */ = {
			isa = XCSwiftPackageProductDependency;
			package = 8D31777929535E4900BDD263 /* XCRemoteSwiftPackageReference "SwiftyDropbox" */;
			productName = SwiftyDropbox;
		};
/* End XCSwiftPackageProductDependency section */

/* Begin XCVersionGroup section */
		8D428F5A2954DE5F00C03D9F /* SongModel.xcdatamodeld */ = {
			isa = XCVersionGroup;
			children = (
				8D428F5B2954DE5F00C03D9F /* SongModel.xcdatamodel */,
			);
			currentVersion = 8D428F5B2954DE5F00C03D9F /* SongModel.xcdatamodel */;
			path = SongModel.xcdatamodeld;
			sourceTree = "<group>";
			versionGroupType = wrapper.xcdatamodel;
		};
/* End XCVersionGroup section */
	};
	rootObject = 8D3177532952684800BDD263 /* Project object */;
}
